
Microsoft Visual Studio Solution File, Format Version 12.00
# Visual Studio Version 16
VisualStudioVersion = 16.0.28917.181
MinimumVisualStudioVersion = 10.0.40219.1
Project("{FAE04EC0-301F-11D3-BF4B-00C04F79EFBC}") = "ClassLibrary1", "ClassLibrary1\ClassLibrary1.csproj", "{75AAD9AD-E177-4B5C-A82A-428251EB5948}"
EndProject
Global
	GlobalSection(SolutionConfigurationPlatforms) = preSolution
		Debug|Any CPU = Debug|Any CPU
		Release|Any CPU = Release|Any CPU
	EndGlobalSection
	GlobalSection(ProjectConfigurationPlatforms) = postSolution
		{75AAD9AD-E177-4B5C-A82A-428251EB5948}.Debug|Any CPU.ActiveCfg = Debug|Any CPU
		{75AAD9AD-E177-4B5C-A82A-428251EB5948}.Debug|Any CPU.Build.0 = Debug|Any CPU
		{75AAD9AD-E177-4B5C-A82A-428251EB5948}.Release|Any CPU.ActiveCfg = Release|Any CPU
		{75AAD9AD-E177-4B5C-A82A-428251EB5948}.Release|Any CPU.Build.0 = Release|Any CPU
	EndGlobalSection
	GlobalSection(SolutionProperties) = preSolution
		HideSolutionNode = FALSE
	EndGlobalSection
	GlobalSection(ExtensibilityGlobals) = postSolution
		SolutionGuid = {59AE1467-486F-4805-A47B-6607E4AB29A4}
	EndGlobalSection
EndGlobal
